# This file is automatically @generated by Poetry 1.7.1 and should not be changed by hand.

[[package]]
name = "marko"
version = "2.0.3"
description = "A markdown parser with high extensibility."
optional = false
python-versions = ">=3.7"
files = [
    {file = "marko-2.0.3-py3-none-any.whl", hash = "sha256:7fca1c4ab1dbc09b4b3be83c22caafd7d97c99439cb4143d025727cb3df1f4d0"},
    {file = "marko-2.0.3.tar.gz", hash = "sha256:3b323dcd7dd48181871718ac09b3825bc8f74493cec378f2bacaaceec47577d4"},
]

[package.extras]
codehilite = ["pygments"]
repr = ["objprint"]
toc = ["python-slugify"]

[metadata]
lock-version = "2.0"
python-versions = "^3.11"
content-hash = "f2a99d645ab93c65e3bd82ce20d8c60548af8b432bfc1ba16aa9929042ec4cd9"
